{
    "_readme": [
        "This file locks the dependencies of your project to a known state",
        "Read more about it at https://getcomposer.org/doc/01-basic-usage.md#installing-dependencies",
        "This file is @generated automatically"
    ],
    "content-hash": "3550d1b2a1362ceed5f3e92b5e9aa2b1",
    "packages": [
        {
            "name": "pear-pear.php.net/Archive_Tar",
            "version": "1.4.7",
            "dist": {
                "type": "file",
                "url": "https://pear.php.net/get/Archive_Tar-1.4.7.tgz"
            },
            "require": {
                "php": ">=5.2.0.0"
            },
            "replace": {
                "pear-pear/archive_tar": "== 1.4.7.0"
            },
            "type": "pear-library",
            "autoload": {
                "classmap": [
                    ""
                ]
            },
            "include-path": [
                "/"
            ],
            "license": [
                "New BSD License"
            ],
            "description": "This class provides handling of tar files in PHP.\nIt supports creating, listing, extracting and adding to tar files.\nGzip support is available if PHP has the zlib extension built-in or\nloaded. Bz2 compression is also supported with the bz2 extension loaded.\nAlso Lzma2 compressed archives are supported with xz extension."
        },
        {
            "name": "pear-pear.php.net/Auth",
            "version": "1.6.4",
            "dist": {
                "type": "file",
                "url": "https://pear.php.net/get/Auth-1.6.4.tgz"
            },
            "require": {
                "php": ">=4.3.3.0"
            },
            "replace": {
                "pear-pear/auth": "== 1.6.4.0"
            },
            "type": "pear-library",
            "autoload": {
                "classmap": [
                    ""
                ]
            },
            "include-path": [
                "/"
            ],
            "license": [
                "PHP License"
            ],
            "description": "The PEAR::Auth package provides methods for creating an authentication\nsystem using PHP.\n\nCurrently it supports the following storage containers to read/write\nthe login data:\n\n* All databases supported by the PEAR database layer\n* All databases supported by the MDB database layer\n* All databases supported by the MDB2 database layer\n* Plaintext files\n* LDAP servers\n* POP3 servers\n* IMAP servers\n* vpopmail accounts (Using either PECL vpopmail or PEAR Net_Vpopmaild)\n* RADIUS\n* SAMBA password files\n* SOAP (Using either PEAR SOAP package or PHP5 SOAP extension)\n* PEAR website\n* Kerberos V servers\n* SAP servers"
        },
        {
            "name": "pear-pear.php.net/Console_Getopt",
            "version": "1.4.2",
            "dist": {
                "type": "file",
                "url": "https://pear.php.net/get/Console_Getopt-1.4.2.tgz"
            },
            "require": {
                "php": ">=5.4.0.0"
            },
            "replace": {
                "pear-pear/console_getopt": "== 1.4.2.0"
            },
            "type": "pear-library",
            "autoload": {
                "classmap": [
                    ""
                ]
            },
            "include-path": [
                "/"
            ],
            "license": [
                "BSD-2-Clause"
            ],
            "description": "This is a PHP implementation of &quot;getopt&quot; supporting both\nshort and long options."
        },
        {
            "name": "pear-pear.php.net/MDB2",
            "version": "2.5.0b5",
            "dist": {
                "type": "file",
                "url": "https://pear.php.net/get/MDB2-2.5.0b5.tgz"
            },
            "require": {
                "pear-pear.php.net/pear": ">=1.3.6.0",
                "php": ">=5.2.0.0"
            },
            "replace": {
                "pear-pear/mdb2": "== 2.5.0.0-beta5"
            },
            "suggest": {
                "fbsql-pear-pear.php.net/MDB2_Driver_fbsql": ">=0.3.0.0",
                "ibase-pear-pear.php.net/MDB2_Driver_ibase": ">=1.5.0.0",
                "mssql-pear-pear.php.net/MDB2_Driver_mssql": ">=1.5.0.0",
                "mysql-pear-pear.php.net/MDB2_Driver_mysql": ">=1.5.0.0",
                "mysqli-pear-pear.php.net/MDB2_Driver_mysqli": ">=1.5.0.0",
                "oci8-pear-pear.php.net/MDB2_Driver_oci8": ">=1.5.0.0",
                "odbc-pear-pear.php.net/MDB2_Driver_odbc": ">=0.2.0.0",
                "pgsql-pear-pear.php.net/MDB2_Driver_pgsql": ">=1.5.0.0",
                "querysim-pear-pear.php.net/MDB2_Driver_querysim": ">=0.7.0.0",
                "sqlite-pear-pear.php.net/MDB2_Driver_sqlite": ">=1.5.0.0",
                "sqlsrv-pear-pear.php.net/MDB2_Driver_sqlsrv": ">=1.5.0.0"
            },
            "type": "pear-library",
            "autoload": {
                "classmap": [
                    ""
                ]
            },
            "include-path": [
                "/"
            ],
            "license": [
                "BSD License"
            ],
            "description": "PEAR MDB2 is a merge of the PEAR DB and Metabase php database abstraction layers.\n\nIt provides a common API for all supported RDBMS. The main difference to most\nother DB abstraction packages is that MDB2 goes much further to ensure\nportability. MDB2 provides most of its many features optionally that\ncan be used to construct portable SQL statements:\n* Object-Oriented API\n* A DSN (data source name) or array format for specifying database servers\n* Datatype abstraction and on demand datatype conversion\n* Various optional fetch modes to fix portability issues\n* Portable error codes\n* Sequential and non sequential row fetching as well as bulk fetching\n* Ability to make buffered and unbuffered queries\n* Ordered array and associative array for the fetched rows\n* Prepare/execute (bind) named and unnamed placeholder emulation\n* Sequence/autoincrement emulation\n* Replace emulation\n* Limited sub select emulation\n* Row limit emulation\n* Transactions/savepoint support\n* Large Object support\n* Index/Unique Key/Primary Key support\n* Pattern matching abstraction\n* Module framework to load advanced functionality on demand\n* Ability to read the information schema\n* RDBMS management methods (creating, dropping, altering)\n* Reverse engineering schemas from an existing database\n* SQL function call abstraction\n* Full integration into the PEAR Framework\n* PHPDoc API documentation"
        },
        {
            "name": "pear-pear.php.net/MDB2_Driver_mysql",
            "version": "1.5.0b4",
            "dist": {
                "type": "file",
                "url": "https://pear.php.net/get/MDB2_Driver_mysql-1.5.0b4.tgz"
            },
            "require": {
                "ext-mysql": "*",
                "pear-pear.php.net/mdb2": ">=2.5.0.0",
                "php": ">=5.2.0.0"
            },
            "replace": {
                "pear-pear/mdb2_driver_mysql": "== 1.5.0.0-beta4"
            },
            "type": "pear-library",
            "autoload": {
                "classmap": [
                    ""
                ]
            },
            "include-path": [
                "/"
            ],
            "license": [
                "BSD License"
            ],
            "description": "This is the MySQL MDB2 driver."
        },
        {
            "name": "pear-pear.php.net/PEAR",
            "version": "1.10.9",
            "dist": {
                "type": "file",
                "url": "https://pear.php.net/get/PEAR-1.10.9.tgz"
            },
            "require": {
                "ext-pcre": "*",
                "ext-xml": "*",
                "pear-pear.php.net/archive_tar": ">=1.4.0.0",
                "pear-pear.php.net/console_getopt": ">=1.4.1.0",
                "pear-pear.php.net/structures_graph": ">=1.1.0.0",
                "pear-pear.php.net/xml_util": ">=1.3.0.0",
                "php": ">=5.4.0.0"
            },
            "conflict": {
                "pear-pear.php.net/pear_frontend_gtk": "<0.4.0.0",
                "pear-pear.php.net/pear_frontend_web": "<=0.4.0.0"
            },
            "replace": {
                "pear-pear/pear": "== 1.10.9.0"
            },
            "type": "pear-library",
            "autoload": {
                "classmap": [
                    ""
                ]
            },
            "include-path": [
                "/"
            ],
            "license": [
                "New BSD License"
            ],
            "description": "The PEAR package contains:\n * the PEAR installer, for creating, distributing\n   and installing packages\n * the PEAR_Exception PHP5 error handling mechanism\n * the PEAR_ErrorStack advanced error handling mechanism\n * the PEAR_Error error handling mechanism\n * the OS_Guess class for retrieving info about the OS\n   where PHP is running on\n * the System class for quick handling of common operations\n   with files and directories\n * the PEAR base class\n  Features in a nutshell:\n  * full support for channels\n  * pre-download dependency validation\n  * new package.xml 2.0 format allows tremendous flexibility while maintaining BC\n  * support for optional dependency groups and limited support for sub-packaging\n  * robust dependency support\n  * full dependency validation on uninstall\n  * remote install for hosts with only ftp access - no more problems with\n    restricted host installation\n  * full support for mirroring\n  * support for bundling several packages into a single tarball\n  * support for static dependencies on a url-based package\n  * support for custom file roles and installation tasks"
        },
        {
            "name": "pear-pear.php.net/Structures_Graph",
            "version": "1.1.1",
            "dist": {
                "type": "file",
                "url": "https://pear.php.net/get/Structures_Graph-1.1.1.tgz"
            },
            "require": {
                "php": ">=5.3.0.0"
            },
            "replace": {
                "pear-pear/structures_graph": "== 1.1.1.0"
            },
            "type": "pear-library",
            "autoload": {
                "classmap": [
                    ""
                ]
            },
            "include-path": [
                "/"
            ],
            "license": [
                "LGPL-3.0+"
            ],
            "description": "Structures_Graph is a package for creating and manipulating graph datastructures. It allows building of directed\nand undirected graphs, with data and metadata stored in nodes. The library provides functions for graph traversing\nas well as for characteristic extraction from the graph topology."
        },
        {
            "name": "pear-pear.php.net/XML_Util",
            "version": "1.4.3",
            "dist": {
                "type": "file",
                "url": "https://pear.php.net/get/XML_Util-1.4.3.tgz"
            },
            "require": {
                "ext-pcre": "*",
                "php": ">=5.4.0.0"
            },
            "replace": {
                "pear-pear/xml_util": "== 1.4.3.0"
            },
            "type": "pear-library",
            "autoload": {
                "classmap": [
                    ""
                ]
            },
            "include-path": [
                "/"
            ],
            "license": [
                "BSD License"
            ],
            "description": "Selection of methods that are often needed when working with XML documents.  Functionality includes creating of attribute lists from arrays, creation of tags, validation of XML names and more."
        },
        {
            "name": "smarty-gettext/smarty-gettext",
            "version": "dev-master",
            "source": {
                "type": "git",
                "url": "https://github.com/GraseHotspot/smarty-gettext.git",
                "reference": "d5756678b52c9ce1f31a40f350a4da3613b8f84f"
            },
            "dist": {
                "type": "zip",
                "url": "https://api.github.com/repos/GraseHotspot/smarty-gettext/zipball/d5756678b52c9ce1f31a40f350a4da3613b8f84f",
                "reference": "d5756678b52c9ce1f31a40f350a4da3613b8f84f",
                "shasum": ""
            },
            "require": {
                "ext-gettext": "*",
                "ext-pcre": "*",
                "php": ">=5.2.1"
            },
            "bin": [
                "tsmarty2c.php"
            ],
            "type": "library",
            "autoload": {
                "files": [
                    "block.t.php"
                ]
            },
            "license": [
                "LGPL-2.1+"
            ],
            "authors": [
                {
                    "name": "Sagi Bashari",
                    "email": "sagi@boom.org.il"
                },
                {
                    "name": "Elan Ruusamäe",
                    "email": "glen@delfi.ee"
                }
            ],
            "description": "Gettext plugin enabling internationalization in Smarty Package files",
            "homepage": "https://github.com/smarty-gettext/smarty-gettext",
            "support": {
                "issues": "https://github.com/smarty-gettext/smarty-gettext/issues",
                "source": "https://github.com/GraseHotspot/smarty-gettext/tree/master"
            },
            "time": "2014-05-18T05:18:45+00:00"
        },
        {
            "name": "smarty/smarty",
            "version": "v3.1.29",
            "source": {
                "type": "git",
                "url": "https://github.com/smarty-php/smarty.git",
                "reference": "35480f10e7ce9b0fdaf23d3799d7b79463919b1e"
            },
            "dist": {
                "type": "zip",
                "url": "https://api.github.com/repos/smarty-php/smarty/zipball/35480f10e7ce9b0fdaf23d3799d7b79463919b1e",
                "reference": "35480f10e7ce9b0fdaf23d3799d7b79463919b1e",
                "shasum": ""
            },
            "require": {
                "php": ">=5.2"
            },
            "type": "library",
            "extra": {
                "branch-alias": {
                    "dev-master": "3.1.x-dev"
                }
            },
            "autoload": {
                "classmap": [
                    "libs/Smarty.class.php",
                    "libs/SmartyBC.class.php",
                    "libs/sysplugins/"
                ]
            },
            "notification-url": "https://packagist.org/downloads/",
            "license": [
                "LGPL-3.0"
            ],
            "authors": [
                {
                    "name": "Monte Ohrt",
                    "email": "monte@ohrt.com"
                },
                {
                    "name": "Uwe Tews",
                    "email": "uwe.tews@googlemail.com"
                },
                {
                    "name": "Rodney Rehm",
                    "email": "rodney.rehm@medialize.de"
                }
            ],
            "description": "Smarty - the compiling PHP template engine",
            "homepage": "http://www.smarty.net",
            "keywords": [
                "templating"
            ],
            "time": "2015-12-21T01:57:06+00:00"
        }
    ],
    "packages-dev": [],
    "aliases": [],
    "minimum-stability": "stable",
    "stability-flags": {
        "smarty-gettext/smarty-gettext": 20,
        "pear-pear.php.net/mdb2_driver_mysql": 20,
        "pear-pear.php.net/mdb2": 20
    },
    "prefer-stable": false,
    "prefer-lowest": false,
    "platform": [],
    "platform-dev": []
}
