{
    "_readme": [
        "This file locks the dependencies of your project to a known state",
        "Read more about it at http://getcomposer.org/doc/01-basic-usage.md#composer-lock-the-lock-file",
        "This file is @generated automatically"
    ],
    "hash": "57ff2d6059e20828b6508983391503b6",
    "packages": [
        {
            "name": "smarty-gettext/smarty-gettext",
            "version": "dev-master",
            "source": {
                "type": "git",
                "url": "https://github.com/GraseHotspot/smarty-gettext.git",
                "reference": "d5756678b52c9ce1f31a40f350a4da3613b8f84f"
            },
            "dist": {
                "type": "zip",
                "url": "https://api.github.com/repos/GraseHotspot/smarty-gettext/zipball/d5756678b52c9ce1f31a40f350a4da3613b8f84f",
                "reference": "d5756678b52c9ce1f31a40f350a4da3613b8f84f",
                "shasum": ""
            },
            "require": {
                "ext-gettext": "*",
                "ext-pcre": "*",
                "php": ">=5.2.1"
            },
            "bin": [
                "tsmarty2c.php"
            ],
            "type": "library",
            "autoload": {
                "files": [
                    "block.t.php"
                ]
            },
            "license": [
                "LGPL-2.1+"
            ],
            "authors": [
                {
                    "name": "Sagi Bashari",
                    "email": "sagi@boom.org.il"
                },
                {
                    "name": "Elan Ruusamäe",
                    "email": "glen@delfi.ee"
                }
            ],
            "description": "Gettext plugin enabling internationalization in Smarty Package files",
            "homepage": "https://github.com/smarty-gettext/smarty-gettext",
            "support": {
                "issues": "https://github.com/smarty-gettext/smarty-gettext/issues",
                "source": "https://github.com/GraseHotspot/smarty-gettext/tree/master"
            },
            "time": "2014-05-18 05:18:45"
        },
        {
            "name": "smarty/smarty",
            "version": "v3.1.20",
            "source": {
                "type": "svn",
                "url": "http://smarty-php.googlecode.com/svn",
                "reference": "/tags/v3.1.20/@4884"
            },
            "require": {
                "php": ">=5.2"
            },
            "type": "library",
            "autoload": {
                "classmap": [
                    "libs/Smarty.class.php",
                    "libs/SmartyBC.class.php",
                    "libs/sysplugins/smarty_security.php"
                ]
            },
            "notification-url": "https://packagist.org/downloads/",
            "license": [
                "LGPL-3.0"
            ],
            "authors": [
                {
                    "name": "Monte Ohrt",
                    "email": "monte@ohrt.com"
                },
                {
                    "name": "Uwe Tews",
                    "email": "uwe.tews@googlemail.com"
                },
                {
                    "name": "Rodney Rehm",
                    "email": "rodney.rehm@medialize.de"
                }
            ],
            "description": "Smarty - the compiling PHP template engine",
            "homepage": "http://www.smarty.net",
            "keywords": [
                "templating"
            ],
            "time": "2014-10-09 23:12:20"
        }
    ],
    "packages-dev": [

    ],
    "aliases": [

    ],
    "minimum-stability": "stable",
    "stability-flags": {
        "smarty-gettext/smarty-gettext": 20
    },
    "prefer-stable": false,
    "platform": [

    ],
    "platform-dev": [

    ]
}
